// !$*UTF8*$!
{
	archiveVersion = 1;
	classes = {
	};
	objectVersion = 77;
	objects = {

/* Begin PBXContainerItemProxy section */
		B6C2C5792DE300930005758B /* PBXContainerItemProxy */ = {
			isa = PBXContainerItemProxy;
			containerPortal = B6C2C5632DE300920005758B /* Project object */;
			proxyType = 1;
			remoteGlobalIDString = B6C2C56A2DE300920005758B;
			remoteInfo = ToaToastManagerTest;
		};
		B6C2C5832DE300930005758B /* PBXContainerItemProxy */ = {
			isa = PBXContainerItemProxy;
			containerPortal = B6C2C5632DE300920005758B /* Project object */;
			proxyType = 1;
			remoteGlobalIDString = B6C2C56A2DE300920005758B;
			remoteInfo = ToaToastManagerTest;
		};
/* End PBXContainerItemProxy section */

/* Begin PBXFileReference section */
		B6C2C56B2DE300920005758B /* ToaToastManagerTest.app */ = {isa = PBXFileReference; explicitFileType = wrapper.application; includeInIndex = 0; path = ToaToastManagerTest.app; sourceTree = BUILT_PRODUCTS_DIR; };
		B6C2C5782DE300930005758B /* ToaToastManagerTestTests.xctest */ = {isa = PBXFileReference; explicitFileType = wrapper.cfbundle; includeInIndex = 0; path = ToaToastManagerTestTests.xctest; sourceTree = BUILT_PRODUCTS_DIR; };
		B6C2C5822DE300930005758B /* ToaToastManagerTestUITests.xctest */ = {isa = PBXFileReference; explicitFileType = wrapper.cfbundle; includeInIndex = 0; path = ToaToastManagerTestUITests.xctest; sourceTree = BUILT_PRODUCTS_DIR; };
/* End PBXFileReference section */

/* Begin PBXFileSystemSynchronizedRootGroup section */
		B6C2C56D2DE300920005758B /* ToaToastManagerTest */ = {
			isa = PBXFileSystemSynchronizedRootGroup;
			path = ToaToastManagerTest;
			sourceTree = "<group>";
		};
		B6C2C57B2DE300930005758B /* ToaToastManagerTestTests */ = {
			isa = PBXFileSystemSynchronizedRootGroup;
			path = ToaToastManagerTestTests;
			sourceTree = "<group>";
		};
		B6C2C5852DE300930005758B /* ToaToastManagerTestUITests */ = {
			isa = PBXFileSystemSynchronizedRootGroup;
			path = ToaToastManagerTestUITests;
			sourceTree = "<group>";
		};
/* End PBXFileSystemSynchronizedRootGroup section */

/* Begin PBXFrameworksBuildPhase section */
		B6C2C5682DE300920005758B /* Frameworks */ = {
			isa = PBXFrameworksBuildPhase;
			buildActionMask = 2147483647;
			files = (
			);
			runOnlyForDeploymentPostprocessing = 0;
		};
		B6C2C5752DE300930005758B /* Frameworks */ = {
			isa = PBXFrameworksBuildPhase;
			buildActionMask = 2147483647;
			files = (
			);
			runOnlyForDeploymentPostprocessing = 0;
		};
		B6C2C57F2DE300930005758B /* Frameworks */ = {
			isa = PBXFrameworksBuildPhase;
			buildActionMask = 2147483647;
			files = (
			);
			runOnlyForDeploymentPostprocessing = 0;
		};
/* End PBXFrameworksBuildPhase section */

/* Begin PBXGroup section */
		B6C2C5622DE300920005758B = {
			isa = PBXGroup;
			children = (
				B6C2C56D2DE300920005758B /* ToaToastManagerTest */,
				B6C2C57B2DE300930005758B /* ToaToastManagerTestTests */,
				B6C2C5852DE300930005758B /* ToaToastManagerTestUITests */,
				B6C2C56C2DE300920005758B /* Products */,
			);
			sourceTree = "<group>";
		};
		B6C2C56C2DE300920005758B /* Products */ = {
			isa = PBXGroup;
			children = (
				B6C2C56B2DE300920005758B /* ToaToastManagerTest.app */,
				B6C2C5782DE300930005758B /* ToaToastManagerTestTests.xctest */,
				B6C2C5822DE300930005758B /* ToaToastManagerTestUITests.xctest */,
			);
			name = Products;
			sourceTree = "<group>";
		};
/* End PBXGroup section */

/* Begin PBXNativeTarget section */
		B6C2C56A2DE300920005758B /* ToaToastManagerTest */ = {
			isa = PBXNativeTarget;
			buildConfigurationList = B6C2C58C2DE300930005758B /* Build configuration list for PBXNativeTarget "ToaToastManagerTest" */;
			buildPhases = (
				B6C2C5672DE300920005758B /* Sources */,
				B6C2C5682DE300920005758B /* Frameworks */,
				B6C2C5692DE300920005758B /* Resources */,
			);
			buildRules = (
			);
			dependencies = (
			);
			fileSystemSynchronizedGroups = (
				B6C2C56D2DE300920005758B /* ToaToastManagerTest */,
			);
			name = ToaToastManagerTest;
			packageProductDependencies = (
			);
			productName = ToaToastManagerTest;
			productReference = B6C2C56B2DE300920005758B /* ToaToastManagerTest.app */;
			productType = "com.apple.product-type.application";
		};
		B6C2C5772DE300930005758B /* ToaToastManagerTestTests */ = {
			isa = PBXNativeTarget;
			buildConfigurationList = B6C2C58F2DE300930005758B /* Build configuration list for PBXNativeTarget "ToaToastManagerTestTests" */;
			buildPhases = (
				B6C2C5742DE300930005758B /* Sources */,
				B6C2C5752DE300930005758B /* Frameworks */,
				B6C2C5762DE300930005758B /* Resources */,
			);
			buildRules = (
			);
			dependencies = (
				B6C2C57A2DE300930005758B /* PBXTargetDependency */,
			);
			fileSystemSynchronizedGroups = (
				B6C2C57B2DE300930005758B /* ToaToastManagerTestTests */,
			);
			name = ToaToastManagerTestTests;
			packageProductDependencies = (
			);
			productName = ToaToastManagerTestTests;
			productReference = B6C2C5782DE300930005758B /* ToaToastManagerTestTests.xctest */;
			productType = "com.apple.product-type.bundle.unit-test";
		};
		B6C2C5812DE300930005758B /* ToaToastManagerTestUITests */ = {
			isa = PBXNativeTarget;
			buildConfigurationList = B6C2C5922DE300930005758B /* Build configuration list for PBXNativeTarget "ToaToastManagerTestUITests" */;
			buildPhases = (
				B6C2C57E2DE300930005758B /* Sources */,
				B6C2C57F2DE300930005758B /* Frameworks */,
				B6C2C5802DE300930005758B /* Resources */,
			);
			buildRules = (
			);
			dependencies = (
				B6C2C5842DE300930005758B /* PBXTargetDependency */,
			);
			fileSystemSynchronizedGroups = (
				B6C2C5852DE300930005758B /* ToaToastManagerTestUITests */,
			);
			name = ToaToastManagerTestUITests;
			packageProductDependencies = (
			);
			productName = ToaToastManagerTestUITests;
			productReference = B6C2C5822DE300930005758B /* ToaToastManagerTestUITests.xctest */;
			productType = "com.apple.product-type.bundle.ui-testing";
		};
/* End PBXNativeTarget section */

/* Begin PBXProject section */
		B6C2C5632DE300920005758B /* Project object */ = {
			isa = PBXProject;
			attributes = {
				BuildIndependentTargetsInParallel = 1;
				LastSwiftUpdateCheck = 1630;
				LastUpgradeCheck = 1630;
				TargetAttributes = {
					B6C2C56A2DE300920005758B = {
						CreatedOnToolsVersion = 16.3;
					};
					B6C2C5772DE300930005758B = {
						CreatedOnToolsVersion = 16.3;
						TestTargetID = B6C2C56A2DE300920005758B;
					};
					B6C2C5812DE300930005758B = {
						CreatedOnToolsVersion = 16.3;
						TestTargetID = B6C2C56A2DE300920005758B;
					};
				};
			};
			buildConfigurationList = B6C2C5662DE300920005758B /* Build configuration list for PBXProject "ToaToastManagerTest" */;
			developmentRegion = en;
			hasScannedForEncodings = 0;
			knownRegions = (
				en,
				Base,
			);
			mainGroup = B6C2C5622DE300920005758B;
			minimizedProjectReferenceProxies = 1;
			preferredProjectObjectVersion = 77;
			productRefGroup = B6C2C56C2DE300920005758B /* Products */;
			projectDirPath = "";
			projectRoot = "";
			targets = (
				B6C2C56A2DE300920005758B /* ToaToastManagerTest */,
				B6C2C5772DE300930005758B /* ToaToastManagerTestTests */,
				B6C2C5812DE300930005758B /* ToaToastManagerTestUITests */,
			);
		};
/* End PBXProject section */

/* Begin PBXResourcesBuildPhase section */
		B6C2C5692DE300920005758B /* Resources */ = {
			isa = PBXResourcesBuildPhase;
			buildActionMask = 2147483647;
			files = (
			);
			runOnlyForDeploymentPostprocessing = 0;
		};
		B6C2C5762DE300930005758B /* Resources */ = {
			isa = PBXResourcesBuildPhase;
			buildActionMask = 2147483647;
			files = (
			);
			runOnlyForDeploymentPostprocessing = 0;
		};
		B6C2C5802DE300930005758B /* Resources */ = {
			isa = PBXResourcesBuildPhase;
			buildActionMask = 2147483647;
			files = (
			);
			runOnlyForDeploymentPostprocessing = 0;
		};
/* End PBXResourcesBuildPhase section */

/* Begin PBXSourcesBuildPhase section */
		B6C2C5672DE300920005758B /* Sources */ = {
			isa = PBXSourcesBuildPhase;
			buildActionMask = 2147483647;
			files = (
			);
			runOnlyForDeploymentPostprocessing = 0;
		};
		B6C2C5742DE300930005758B /* Sources */ = {
			isa = PBXSourcesBuildPhase;
			buildActionMask = 2147483647;
			files = (
			);
			runOnlyForDeploymentPostprocessing = 0;
		};
		B6C2C57E2DE300930005758B /* Sources */ = {
			isa = PBXSourcesBuildPhase;
			buildActionMask = 2147483647;
			files = (
			);
			runOnlyForDeploymentPostprocessing = 0;
		};
/* End PBXSourcesBuildPhase section */

/* Begin PBXTargetDependency section */
		B6C2C57A2DE300930005758B /* PBXTargetDependency */ = {
			isa = PBXTargetDependency;
			target = B6C2C56A2DE300920005758B /* ToaToastManagerTest */;
			targetProxy = B6C2C5792DE300930005758B /* PBXContainerItemProxy */;
		};
		B6C2C5842DE300930005758B /* PBXTargetDependency */ = {
			isa = PBXTargetDependency;
			target = B6C2C56A2DE300920005758B /* ToaToastManagerTest */;
			targetProxy = B6C2C5832DE300930005758B /* PBXContainerItemProxy */;
		};
/* End PBXTargetDependency section */

/* Begin XCBuildConfiguration section */
		B6C2C58A2DE300930005758B /* Debug */ = {
			isa = XCBuildConfiguration;
			buildSettings = {
				ALWAYS_SEARCH_USER_PATHS = NO;
				ASSETCATALOG_COMPILER_GENERATE_SWIFT_ASSET_SYMBOL_EXTENSIONS = YES;
				CLANG_ANALYZER_NONNULL = YES;
				CLANG_ANALYZER_NUMBER_OBJECT_CONVERSION = YES_AGGRESSIVE;
				CLANG_CXX_LANGUAGE_STANDARD = "gnu++20";
				CLANG_ENABLE_MODULES = YES;
				CLANG_ENABLE_OBJC_ARC = YES;
				CLANG_ENABLE_OBJC_WEAK = YES;
				CLANG_WARN_BLOCK_CAPTURE_AUTORELEASING = YES;
				CLANG_WARN_BOOL_CONVERSION = YES;
				CLANG_WARN_COMMA = YES;
				CLANG_WARN_CONSTANT_CONVERSION = YES;
				CLANG_WARN_DEPRECATED_OBJC_IMPLEMENTATIONS = YES;
				CLANG_WARN_DIRECT_OBJC_ISA_USAGE = YES_ERROR;
				CLANG_WARN_DOCUMENTATION_COMMENTS = YES;
				CLANG_WARN_EMPTY_BODY = YES;
				CLANG_WARN_ENUM_CONVERSION = YES;
				CLANG_WARN_INFINITE_RECURSION = YES;
				CLANG_WARN_INT_CONVERSION = YES;
				CLANG_WARN_NON_LITERAL_NULL_CONVERSION = YES;
				CLANG_WARN_OBJC_IMPLICIT_RETAIN_SELF = YES;
				CLANG_WARN_OBJC_LITERAL_CONVERSION = YES;
				CLANG_WARN_OBJC_ROOT_CLASS = YES_ERROR;
				CLANG_WARN_QUOTED_INCLUDE_IN_FRAMEWORK_HEADER = YES;
				CLANG_WARN_RANGE_LOOP_ANALYSIS = YES;
				CLANG_WARN_STRICT_PROTOTYPES = YES;
				CLANG_WARN_SUSPICIOUS_MOVE = YES;
				CLANG_WARN_UNGUARDED_AVAILABILITY = YES_AGGRESSIVE;
				CLANG_WARN_UNREACHABLE_CODE = YES;
				CLANG_WARN__DUPLICATE_METHOD_MATCH = YES;
				COPY_PHASE_STRIP = NO;
				DEBUG_INFORMATION_FORMAT = dwarf;
				DEVELOPMENT_TEAM = 73XTRV58A2;
				ENABLE_STRICT_OBJC_MSGSEND = YES;
				ENABLE_TESTABILITY = YES;
				ENABLE_USER_SCRIPT_SANDBOXING = YES;
				GCC_C_LANGUAGE_STANDARD = gnu17;
				GCC_DYNAMIC_NO_PIC = NO;
				GCC_NO_COMMON_BLOCKS = YES;
				GCC_OPTIMIZATION_LEVEL = 0;
				GCC_PREPROCESSOR_DEFINITIONS = (
					"DEBUG=1",
					"$(inherited)",
				);
				GCC_WARN_64_TO_32_BIT_CONVERSION = YES;
				GCC_WARN_ABOUT_RETURN_TYPE = YES_ERROR;
				GCC_WARN_UNDECLARED_SELECTOR = YES;
				GCC_WARN_UNINITIALIZED_AUTOS = YES_AGGRESSIVE;
				GCC_WARN_UNUSED_FUNCTION = YES;
				GCC_WARN_UNUSED_VARIABLE = YES;
				IPHONEOS_DEPLOYMENT_TARGET = 18.4;
				LOCALIZATION_PREFERS_STRING_CATALOGS = YES;
				MTL_ENABLE_DEBUG_INFO = INCLUDE_SOURCE;
				MTL_FAST_MATH = YES;
				ONLY_ACTIVE_ARCH = YES;
				SDKROOT = iphoneos;
				SWIFT_ACTIVE_COMPILATION_CONDITIONS = "DEBUG $(inherited)";
				SWIFT_OPTIMIZATION_LEVEL = "-Onone";
			};
			name = Debug;
		};
		B6C2C58B2DE300930005758B /* Release */ = {
			isa = XCBuildConfiguration;
			buildSettings = {
				ALWAYS_SEARCH_USER_PATHS = NO;
				ASSETCATALOG_COMPILER_GENERATE_SWIFT_ASSET_SYMBOL_EXTENSIONS = YES;
				CLANG_ANALYZER_NONNULL = YES;
				CLANG_ANALYZER_NUMBER_OBJECT_CONVERSION = YES_AGGRESSIVE;
				CLANG_CXX_LANGUAGE_STANDARD = "gnu++20";
				CLANG_ENABLE_MODULES = YES;
				CLANG_ENABLE_OBJC_ARC = YES;
				CLANG_ENABLE_OBJC_WEAK = YES;
				CLANG_WARN_BLOCK_CAPTURE_AUTORELEASING = YES;
				CLANG_WARN_BOOL_CONVERSION = YES;
				CLANG_WARN_COMMA = YES;
				CLANG_WARN_CONSTANT_CONVERSION = YES;
				CLANG_WARN_DEPRECATED_OBJC_IMPLEMENTATIONS = YES;
				CLANG_WARN_DIRECT_OBJC_ISA_USAGE = YES_ERROR;
				CLANG_WARN_DOCUMENTATION_COMMENTS = YES;
				CLANG_WARN_EMPTY_BODY = YES;
				CLANG_WARN_ENUM_CONVERSION = YES;
				CLANG_WARN_INFINITE_RECURSION = YES;
				CLANG_WARN_INT_CONVERSION = YES;
				CLANG_WARN_NON_LITERAL_NULL_CONVERSION = YES;
				CLANG_WARN_OBJC_IMPLICIT_RETAIN_SELF = YES;
				CLANG_WARN_OBJC_LITERAL_CONVERSION = YES;
				CLANG_WARN_OBJC_ROOT_CLASS = YES_ERROR;
				CLANG_WARN_QUOTED_INCLUDE_IN_FRAMEWORK_HEADER = YES;
				CLANG_WARN_RANGE_LOOP_ANALYSIS = YES;
				CLANG_WARN_STRICT_PROTOTYPES = YES;
				CLANG_WARN_SUSPICIOUS_MOVE = YES;
				CLANG_WARN_UNGUARDED_AVAILABILITY = YES_AGGRESSIVE;
				CLANG_WARN_UNREACHABLE_CODE = YES;
				CLANG_WARN__DUPLICATE_METHOD_MATCH = YES;
				COPY_PHASE_STRIP = NO;
				DEBUG_INFORMATION_FORMAT = "dwarf-with-dsym";
				DEVELOPMENT_TEAM = 73XTRV58A2;
				ENABLE_NS_ASSERTIONS = NO;
				ENABLE_STRICT_OBJC_MSGSEND = YES;
				ENABLE_USER_SCRIPT_SANDBOXING = YES;
				GCC_C_LANGUAGE_STANDARD = gnu17;
				GCC_NO_COMMON_BLOCKS = YES;
				GCC_WARN_64_TO_32_BIT_CONVERSION = YES;
				GCC_WARN_ABOUT_RETURN_TYPE = YES_ERROR;
				GCC_WARN_UNDECLARED_SELECTOR = YES;
				GCC_WARN_UNINITIALIZED_AUTOS = YES_AGGRESSIVE;
				GCC_WARN_UNUSED_FUNCTION = YES;
				GCC_WARN_UNUSED_VARIABLE = YES;
				IPHONEOS_DEPLOYMENT_TARGET = 18.4;
				LOCALIZATION_PREFERS_STRING_CATALOGS = YES;
				MTL_ENABLE_DEBUG_INFO = NO;
				MTL_FAST_MATH = YES;
				SDKROOT = iphoneos;
				SWIFT_COMPILATION_MODE = wholemodule;
				VALIDATE_PRODUCT = YES;
			};
			name = Release;
		};
		B6C2C58D2DE300930005758B /* Debug */ = {
			isa = XCBuildConfiguration;
			buildSettings = {
				ASSETCATALOG_COMPILER_APPICON_NAME = AppIcon;
				ASSETCATALOG_COMPILER_GLOBAL_ACCENT_COLOR_NAME = AccentColor;
				CODE_SIGN_STYLE = Automatic;
				CURRENT_PROJECT_VERSION = 1;
				DEVELOPMENT_TEAM = 73XTRV58A2;
				ENABLE_PREVIEWS = YES;
				GENERATE_INFOPLIST_FILE = YES;
				INFOPLIST_KEY_UIApplicationSceneManifest_Generation = YES;
				INFOPLIST_KEY_UIApplicationSupportsIndirectInputEvents = YES;
				INFOPLIST_KEY_UILaunchScreen_Generation = YES;
				INFOPLIST_KEY_UISupportedInterfaceOrientations_iPad = "UIInterfaceOrientationPortrait UIInterfaceOrientationPortraitUpsideDown UIInterfaceOrientationLandscapeLeft UIInterfaceOrientationLandscapeRight";
				INFOPLIST_KEY_UISupportedInterfaceOrientations_iPhone = "UIInterfaceOrientationPortrait UIInterfaceOrientationLandscapeLeft UIInterfaceOrientationLandscapeRight";
				LD_RUNPATH_SEARCH_PATHS = (
					"$(inherited)",
					"@executable_path/Frameworks",
				);
				MARKETING_VERSION = 1.0;
				PRODUCT_BUNDLE_IDENTIFIER = nl.reclamefolder.playground1.ToaToastManagerTest;
				PRODUCT_NAME = "$(TARGET_NAME)";
				SWIFT_EMIT_LOC_STRINGS = YES;
				SWIFT_VERSION = 5.0;
				TARGETED_DEVICE_FAMILY = "1,2";
			};
			name = Debug;
		};
		B6C2C58E2DE300930005758B /* Release */ = {
			isa = XCBuildConfiguration;
			buildSettings = {
				ASSETCATALOG_COMPILER_APPICON_NAME = AppIcon;
				ASSETCATALOG_COMPILER_GLOBAL_ACCENT_COLOR_NAME = AccentColor;
				CODE_SIGN_STYLE = Automatic;
				CURRENT_PROJECT_VERSION = 1;
				DEVELOPMENT_TEAM = 73XTRV58A2;
				ENABLE_PREVIEWS = YES;
				GENERATE_INFOPLIST_FILE = YES;
				INFOPLIST_KEY_UIApplicationSceneManifest_Generation = YES;
				INFOPLIST_KEY_UIApplicationSupportsIndirectInputEvents = YES;
				INFOPLIST_KEY_UILaunchScreen_Generation = YES;
				INFOPLIST_KEY_UISupportedInterfaceOrientations_iPad = "UIInterfaceOrientationPortrait UIInterfaceOrientationPortraitUpsideDown UIInterfaceOrientationLandscapeLeft UIInterfaceOrientationLandscapeRight";
				INFOPLIST_KEY_UISupportedInterfaceOrientations_iPhone = "UIInterfaceOrientationPortrait UIInterfaceOrientationLandscapeLeft UIInterfaceOrientationLandscapeRight";
				LD_RUNPATH_SEARCH_PATHS = (
					"$(inherited)",
					"@executable_path/Frameworks",
				);
				MARKETING_VERSION = 1.0;
				PRODUCT_BUNDLE_IDENTIFIER = nl.reclamefolder.playground1.ToaToastManagerTest;
				PRODUCT_NAME = "$(TARGET_NAME)";
				SWIFT_EMIT_LOC_STRINGS = YES;
				SWIFT_VERSION = 5.0;
				TARGETED_DEVICE_FAMILY = "1,2";
			};
			name = Release;
		};
		B6C2C5902DE300930005758B /* Debug */ = {
			isa = XCBuildConfiguration;
			buildSettings = {
				BUNDLE_LOADER = "$(TEST_HOST)";
				CODE_SIGN_STYLE = Automatic;
				CURRENT_PROJECT_VERSION = 1;
				DEVELOPMENT_TEAM = 73XTRV58A2;
				GENERATE_INFOPLIST_FILE = YES;
				IPHONEOS_DEPLOYMENT_TARGET = 18.4;
				MARKETING_VERSION = 1.0;
				PRODUCT_BUNDLE_IDENTIFIER = nl.reclamefolder.playground1.ToaToastManagerTestTests;
				PRODUCT_NAME = "$(TARGET_NAME)";
				SWIFT_EMIT_LOC_STRINGS = NO;
				SWIFT_VERSION = 5.0;
				TARGETED_DEVICE_FAMILY = "1,2";
				TEST_HOST = "$(BUILT_PRODUCTS_DIR)/ToaToastManagerTest.app/$(BUNDLE_EXECUTABLE_FOLDER_PATH)/ToaToastManagerTest";
			};
			name = Debug;
		};
		B6C2C5912DE300930005758B /* Release */ = {
			isa = XCBuildConfiguration;
			buildSettings = {
				BUNDLE_LOADER = "$(TEST_HOST)";
				CODE_SIGN_STYLE = Automatic;
				CURRENT_PROJECT_VERSION = 1;
				DEVELOPMENT_TEAM = 73XTRV58A2;
				GENERATE_INFOPLIST_FILE = YES;
				IPHONEOS_DEPLOYMENT_TARGET = 18.4;
				MARKETING_VERSION = 1.0;
				PRODUCT_BUNDLE_IDENTIFIER = nl.reclamefolder.playground1.ToaToastManagerTestTests;
				PRODUCT_NAME = "$(TARGET_NAME)";
				SWIFT_EMIT_LOC_STRINGS = NO;
				SWIFT_VERSION = 5.0;
				TARGETED_DEVICE_FAMILY = "1,2";
				TEST_HOST = "$(BUILT_PRODUCTS_DIR)/ToaToastManagerTest.app/$(BUNDLE_EXECUTABLE_FOLDER_PATH)/ToaToastManagerTest";
			};
			name = Release;
		};
		B6C2C5932DE300930005758B /* Debug */ = {
			isa = XCBuildConfiguration;
			buildSettings = {
				CODE_SIGN_STYLE = Automatic;
				CURRENT_PROJECT_VERSION = 1;
				DEVELOPMENT_TEAM = 73XTRV58A2;
				GENERATE_INFOPLIST_FILE = YES;
				MARKETING_VERSION = 1.0;
				PRODUCT_BUNDLE_IDENTIFIER = nl.reclamefolder.playground1.ToaToastManagerTestUITests;
				PRODUCT_NAME = "$(TARGET_NAME)";
				SWIFT_EMIT_LOC_STRINGS = NO;
				SWIFT_VERSION = 5.0;
				TARGETED_DEVICE_FAMILY = "1,2";
				TEST_TARGET_NAME = ToaToastManagerTest;
			};
			name = Debug;
		};
		B6C2C5942DE300930005758B /* Release */ = {
			isa = XCBuildConfiguration;
			buildSettings = {
				CODE_SIGN_STYLE = Automatic;
				CURRENT_PROJECT_VERSION = 1;
				DEVELOPMENT_TEAM = 73XTRV58A2;
				GENERATE_INFOPLIST_FILE = YES;
				MARKETING_VERSION = 1.0;
				PRODUCT_BUNDLE_IDENTIFIER = nl.reclamefolder.playground1.ToaToastManagerTestUITests;
				PRODUCT_NAME = "$(TARGET_NAME)";
				SWIFT_EMIT_LOC_STRINGS = NO;
				SWIFT_VERSION = 5.0;
				TARGETED_DEVICE_FAMILY = "1,2";
				TEST_TARGET_NAME = ToaToastManagerTest;
			};
			name = Release;
		};
/* End XCBuildConfiguration section */

/* Begin XCConfigurationList section */
		B6C2C5662DE300920005758B /* Build configuration list for PBXProject "ToaToastManagerTest" */ = {
			isa = XCConfigurationList;
			buildConfigurations = (
				B6C2C58A2DE300930005758B /* Debug */,
				B6C2C58B2DE300930005758B /* Release */,
			);
			defaultConfigurationIsVisible = 0;
			defaultConfigurationName = Release;
		};
		B6C2C58C2DE300930005758B /* Build configuration list for PBXNativeTarget "ToaToastManagerTest" */ = {
			isa = XCConfigurationList;
			buildConfigurations = (
				B6C2C58D2DE300930005758B /* Debug */,
				B6C2C58E2DE300930005758B /* Release */,
			);
			defaultConfigurationIsVisible = 0;
			defaultConfigurationName = Release;
		};
		B6C2C58F2DE300930005758B /* Build configuration list for PBXNativeTarget "ToaToastManagerTestTests" */ = {
			isa = XCConfigurationList;
			buildConfigurations = (
				B6C2C5902DE300930005758B /* Debug */,
				B6C2C5912DE300930005758B /* Release */,
			);
			defaultConfigurationIsVisible = 0;
			defaultConfigurationName = Release;
		};
		B6C2C5922DE300930005758B /* Build configuration list for PBXNativeTarget "ToaToastManagerTestUITests" */ = {
			isa = XCConfigurationList;
			buildConfigurations = (
				B6C2C5932DE300930005758B /* Debug */,
				B6C2C5942DE300930005758B /* Release */,
			);
			defaultConfigurationIsVisible = 0;
			defaultConfigurationName = Release;
		};
/* End XCConfigurationList section */
	};
	rootObject = B6C2C5632DE300920005758B /* Project object */;
}
